// !$*UTF8*$!
{
	archiveVersion = 1;
	classes = {
	};
	objectVersion = 56;
	objects = {

/* Begin PBXBuildFile section */
		5F65CBD128CEDF550031C9B2 /* AppDelegate.swift in Sources */ = {isa = PBXBuildFile; fileRef = 5F65CBD028CEDF550031C9B2 /* AppDelegate.swift */; };
		5F65CBD328CEDF550031C9B2 /* SceneDelegate.swift in Sources */ = {isa = PBXBuildFile; fileRef = 5F65CBD228CEDF550031C9B2 /* SceneDelegate.swift */; };
		5F65CBD528CEDF550031C9B2 /* ViewController.swift in Sources */ = {isa = PBXBuildFile; fileRef = 5F65CBD428CEDF550031C9B2 /* ViewController.swift */; };
		5F65CBD828CEDF550031C9B2 /* Main.storyboard in Resources */ = {isa = PBXBuildFile; fileRef = 5F65CBD628CEDF550031C9B2 /* Main.storyboard */; };
		5F65CBDA28CEDF560031C9B2 /* Assets.xcassets in Resources */ = {isa = PBXBuildFile; fileRef = 5F65CBD928CEDF560031C9B2 /* Assets.xcassets */; };
		5F65CBDD28CEDF560031C9B2 /* LaunchScreen.storyboard in Resources */ = {isa = PBXBuildFile; fileRef = 5F65CBDB28CEDF560031C9B2 /* LaunchScreen.storyboard */; };
		5F65CBE628CEE6070031C9B2 /* WeatherService.swift in Sources */ = {isa = PBXBuildFile; fileRef = 5F65CBE528CEE6070031C9B2 /* WeatherService.swift */; };
		5F65CBE928CEE6340031C9B2 /* Weather.swift in Sources */ = {isa = PBXBuildFile; fileRef = 5F65CBE828CEE6340031C9B2 /* Weather.swift */; };
		5F65CBEB28CEE8BC0031C9B2 /* api_key.plist in Resources */ = {isa = PBXBuildFile; fileRef = 5F65CBEA28CEE8BC0031C9B2 /* api_key.plist */; };
		5F65CBEE28CEFE5E0031C9B2 /* WeatherTableViewCell.swift in Sources */ = {isa = PBXBuildFile; fileRef = 5F65CBEC28CEFE5E0031C9B2 /* WeatherTableViewCell.swift */; };
		5F65CBEF28CEFE5E0031C9B2 /* WeatherTableViewCell.xib in Resources */ = {isa = PBXBuildFile; fileRef = 5F65CBED28CEFE5E0031C9B2 /* WeatherTableViewCell.xib */; };
/* End PBXBuildFile section */

/* Begin PBXFileReference section */
		5F65CBCD28CEDF550031C9B2 /* wanted_pre_onboarding.app */ = {isa = PBXFileReference; explicitFileType = wrapper.application; includeInIndex = 0; path = wanted_pre_onboarding.app; sourceTree = BUILT_PRODUCTS_DIR; };
		5F65CBD028CEDF550031C9B2 /* AppDelegate.swift */ = {isa = PBXFileReference; lastKnownFileType = sourcecode.swift; path = AppDelegate.swift; sourceTree = "<group>"; };
		5F65CBD228CEDF550031C9B2 /* SceneDelegate.swift */ = {isa = PBXFileReference; lastKnownFileType = sourcecode.swift; path = SceneDelegate.swift; sourceTree = "<group>"; };
		5F65CBD428CEDF550031C9B2 /* ViewController.swift */ = {isa = PBXFileReference; lastKnownFileType = sourcecode.swift; path = ViewController.swift; sourceTree = "<group>"; };
		5F65CBD728CEDF550031C9B2 /* Base */ = {isa = PBXFileReference; lastKnownFileType = file.storyboard; name = Base; path = Base.lproj/Main.storyboard; sourceTree = "<group>"; };
		5F65CBD928CEDF560031C9B2 /* Assets.xcassets */ = {isa = PBXFileReference; lastKnownFileType = folder.assetcatalog; path = Assets.xcassets; sourceTree = "<group>"; };
		5F65CBDC28CEDF560031C9B2 /* Base */ = {isa = PBXFileReference; lastKnownFileType = file.storyboard; name = Base; path = Base.lproj/LaunchScreen.storyboard; sourceTree = "<group>"; };
		5F65CBDE28CEDF560031C9B2 /* Info.plist */ = {isa = PBXFileReference; lastKnownFileType = text.plist.xml; path = Info.plist; sourceTree = "<group>"; };
		5F65CBE528CEE6070031C9B2 /* WeatherService.swift */ = {isa = PBXFileReference; lastKnownFileType = sourcecode.swift; path = WeatherService.swift; sourceTree = "<group>"; };
		5F65CBE828CEE6340031C9B2 /* Weather.swift */ = {isa = PBXFileReference; lastKnownFileType = sourcecode.swift; path = Weather.swift; sourceTree = "<group>"; };
		5F65CBEA28CEE8BC0031C9B2 /* api_key.plist */ = {isa = PBXFileReference; lastKnownFileType = text.plist.xml; path = api_key.plist; sourceTree = "<group>"; };
		5F65CBEC28CEFE5E0031C9B2 /* WeatherTableViewCell.swift */ = {isa = PBXFileReference; lastKnownFileType = sourcecode.swift; path = WeatherTableViewCell.swift; sourceTree = "<group>"; };
		5F65CBED28CEFE5E0031C9B2 /* WeatherTableViewCell.xib */ = {isa = PBXFileReference; lastKnownFileType = file.xib; path = WeatherTableViewCell.xib; sourceTree = "<group>"; };
/* End PBXFileReference section */

/* Begin PBXFrameworksBuildPhase section */
		5F65CBCA28CEDF550031C9B2 /* Frameworks */ = {
			isa = PBXFrameworksBuildPhase;
			buildActionMask = 2147483647;
			files = (
			);
			runOnlyForDeploymentPostprocessing = 0;
		};
/* End PBXFrameworksBuildPhase section */

/* Begin PBXGroup section */
		5F65CBC428CEDF550031C9B2 = {
			isa = PBXGroup;
			children = (
				5F65CBCF28CEDF550031C9B2 /* wanted_pre_onboarding */,
				5F65CBCE28CEDF550031C9B2 /* Products */,
			);
			sourceTree = "<group>";
		};
		5F65CBCE28CEDF550031C9B2 /* Products */ = {
			isa = PBXGroup;
			children = (
				5F65CBCD28CEDF550031C9B2 /* wanted_pre_onboarding.app */,
			);
			name = Products;
			sourceTree = "<group>";
		};
		5F65CBCF28CEDF550031C9B2 /* wanted_pre_onboarding */ = {
			isa = PBXGroup;
			children = (
				5F65CBE728CEE6220031C9B2 /* Model */,
				5F65CBE428CEE5F30031C9B2 /* Service */,
				5F65CBD028CEDF550031C9B2 /* AppDelegate.swift */,
				5F65CBD228CEDF550031C9B2 /* SceneDelegate.swift */,
				5F65CBD428CEDF550031C9B2 /* ViewController.swift */,
				5F65CBD628CEDF550031C9B2 /* Main.storyboard */,
				5F65CBD928CEDF560031C9B2 /* Assets.xcassets */,
				5F65CBDB28CEDF560031C9B2 /* LaunchScreen.storyboard */,
				5F65CBDE28CEDF560031C9B2 /* Info.plist */,
				5F65CBEA28CEE8BC0031C9B2 /* api_key.plist */,
				5F65CBEC28CEFE5E0031C9B2 /* WeatherTableViewCell.swift */,
				5F65CBED28CEFE5E0031C9B2 /* WeatherTableViewCell.xib */,
			);
			path = wanted_pre_onboarding;
			sourceTree = "<group>";
		};
		5F65CBE428CEE5F30031C9B2 /* Service */ = {
			isa = PBXGroup;
			children = (
				5F65CBE528CEE6070031C9B2 /* WeatherService.swift */,
			);
			path = Service;
			sourceTree = "<group>";
		};
		5F65CBE728CEE6220031C9B2 /* Model */ = {
			isa = PBXGroup;
			children = (
				5F65CBE828CEE6340031C9B2 /* Weather.swift */,
			);
			path = Model;
			sourceTree = "<group>";
		};
/* End PBXGroup section */

/* Begin PBXNativeTarget section */
		5F65CBCC28CEDF550031C9B2 /* wanted_pre_onboarding */ = {
			isa = PBXNativeTarget;
			buildConfigurationList = 5F65CBE128CEDF560031C9B2 /* Build configuration list for PBXNativeTarget "wanted_pre_onboarding" */;
			buildPhases = (
				5F65CBC928CEDF550031C9B2 /* Sources */,
				5F65CBCA28CEDF550031C9B2 /* Frameworks */,
				5F65CBCB28CEDF550031C9B2 /* Resources */,
			);
			buildRules = (
			);
			dependencies = (
			);
			name = wanted_pre_onboarding;
			productName = wanted_pre_onboarding;
			productReference = 5F65CBCD28CEDF550031C9B2 /* wanted_pre_onboarding.app */;
			productType = "com.apple.product-type.application";
		};
/* End PBXNativeTarget section */

/* Begin PBXProject section */
		5F65CBC528CEDF550031C9B2 /* Project object */ = {
			isa = PBXProject;
			attributes = {
				BuildIndependentTargetsInParallel = 1;
				LastSwiftUpdateCheck = 1400;
				LastUpgradeCheck = 1400;
				TargetAttributes = {
					5F65CBCC28CEDF550031C9B2 = {
						CreatedOnToolsVersion = 14.0;
					};
				};
			};
			buildConfigurationList = 5F65CBC828CEDF550031C9B2 /* Build configuration list for PBXProject "wanted_pre_onboarding" */;
			compatibilityVersion = "Xcode 14.0";
			developmentRegion = en;
			hasScannedForEncodings = 0;
			knownRegions = (
				en,
				Base,
			);
			mainGroup = 5F65CBC428CEDF550031C9B2;
			productRefGroup = 5F65CBCE28CEDF550031C9B2 /* Products */;
			projectDirPath = "";
			projectRoot = "";
			targets = (
				5F65CBCC28CEDF550031C9B2 /* wanted_pre_onboarding */,
			);
		};
/* End PBXProject section */

/* Begin PBXResourcesBuildPhase section */
		5F65CBCB28CEDF550031C9B2 /* Resources */ = {
			isa = PBXResourcesBuildPhase;
			buildActionMask = 2147483647;
			files = (
				5F65CBDD28CEDF560031C9B2 /* LaunchScreen.storyboard in Resources */,
				5F65CBEB28CEE8BC0031C9B2 /* api_key.plist in Resources */,
				5F65CBEF28CEFE5E0031C9B2 /* WeatherTableViewCell.xib in Resources */,
				5F65CBDA28CEDF560031C9B2 /* Assets.xcassets in Resources */,
				5F65CBD828CEDF550031C9B2 /* Main.storyboard in Resources */,
			);
			runOnlyForDeploymentPostprocessing = 0;
		};
/* End PBXResourcesBuildPhase section */

/* Begin PBXSourcesBuildPhase section */
		5F65CBC928CEDF550031C9B2 /* Sources */ = {
			isa = PBXSourcesBuildPhase;
			buildActionMask = 2147483647;
			files = (
				5F65CBEE28CEFE5E0031C9B2 /* WeatherTableViewCell.swift in Sources */,
				5F65CBE628CEE6070031C9B2 /* WeatherService.swift in Sources */,
				5F65CBD528CEDF550031C9B2 /* ViewController.swift in Sources */,
				5F65CBD128CEDF550031C9B2 /* AppDelegate.swift in Sources */,
				5F65CBD328CEDF550031C9B2 /* SceneDelegate.swift in Sources */,
				5F65CBE928CEE6340031C9B2 /* Weather.swift in Sources */,
			);
			runOnlyForDeploymentPostprocessing = 0;
		};
/* End PBXSourcesBuildPhase section */

/* Begin PBXVariantGroup section */
		5F65CBD628CEDF550031C9B2 /* Main.storyboard */ = {
			isa = PBXVariantGroup;
			children = (
				5F65CBD728CEDF550031C9B2 /* Base */,
			);
			name = Main.storyboard;
			sourceTree = "<group>";
		};
		5F65CBDB28CEDF560031C9B2 /* LaunchScreen.storyboard */ = {
			isa = PBXVariantGroup;
			children = (
				5F65CBDC28CEDF560031C9B2 /* Base */,
			);
			name = LaunchScreen.storyboard;
			sourceTree = "<group>";
		};
/* End PBXVariantGroup section */

/* Begin XCBuildConfiguration section */
		5F65CBDF28CEDF560031C9B2 /* Debug */ = {
			isa = XCBuildConfiguration;
			buildSettings = {
				ALWAYS_SEARCH_USER_PATHS = NO;
				CLANG_ANALYZER_NONNULL = YES;
				CLANG_ANALYZER_NUMBER_OBJECT_CONVERSION = YES_AGGRESSIVE;
				CLANG_CXX_LANGUAGE_STANDARD = "gnu++20";
				CLANG_ENABLE_MODULES = YES;
				CLANG_ENABLE_OBJC_ARC = YES;
				CLANG_ENABLE_OBJC_WEAK = YES;
				CLANG_WARN_BLOCK_CAPTURE_AUTORELEASING = YES;
				CLANG_WARN_BOOL_CONVERSION = YES;
				CLANG_WARN_COMMA = YES;
				CLANG_WARN_CONSTANT_CONVERSION = YES;
				CLANG_WARN_DEPRECATED_OBJC_IMPLEMENTATIONS = YES;
				CLANG_WARN_DIRECT_OBJC_ISA_USAGE = YES_ERROR;
				CLANG_WARN_DOCUMENTATION_COMMENTS = YES;
				CLANG_WARN_EMPTY_BODY = YES;
				CLANG_WARN_ENUM_CONVERSION = YES;
				CLANG_WARN_INFINITE_RECURSION = YES;
				CLANG_WARN_INT_CONVERSION = YES;
				CLANG_WARN_NON_LITERAL_NULL_CONVERSION = YES;
				CLANG_WARN_OBJC_IMPLICIT_RETAIN_SELF = YES;
				CLANG_WARN_OBJC_LITERAL_CONVERSION = YES;
				CLANG_WARN_OBJC_ROOT_CLASS = YES_ERROR;
				CLANG_WARN_QUOTED_INCLUDE_IN_FRAMEWORK_HEADER = YES;
				CLANG_WARN_RANGE_LOOP_ANALYSIS = YES;
				CLANG_WARN_STRICT_PROTOTYPES = YES;
				CLANG_WARN_SUSPICIOUS_MOVE = YES;
				CLANG_WARN_UNGUARDED_AVAILABILITY = YES_AGGRESSIVE;
				CLANG_WARN_UNREACHABLE_CODE = YES;
				CLANG_WARN__DUPLICATE_METHOD_MATCH = YES;
				COPY_PHASE_STRIP = NO;
				DEBUG_INFORMATION_FORMAT = dwarf;
				ENABLE_STRICT_OBJC_MSGSEND = YES;
				ENABLE_TESTABILITY = YES;
				GCC_C_LANGUAGE_STANDARD = gnu11;
				GCC_DYNAMIC_NO_PIC = NO;
				GCC_NO_COMMON_BLOCKS = YES;
				GCC_OPTIMIZATION_LEVEL = 0;
				GCC_PREPROCESSOR_DEFINITIONS = (
					"DEBUG=1",
					"$(inherited)",
				);
				GCC_WARN_64_TO_32_BIT_CONVERSION = YES;
				GCC_WARN_ABOUT_RETURN_TYPE = YES_ERROR;
				GCC_WARN_UNDECLARED_SELECTOR = YES;
				GCC_WARN_UNINITIALIZED_AUTOS = YES_AGGRESSIVE;
				GCC_WARN_UNUSED_FUNCTION = YES;
				GCC_WARN_UNUSED_VARIABLE = YES;
				IPHONEOS_DEPLOYMENT_TARGET = 16.0;
				MTL_ENABLE_DEBUG_INFO = INCLUDE_SOURCE;
				MTL_FAST_MATH = YES;
				ONLY_ACTIVE_ARCH = YES;
				SDKROOT = iphoneos;
				SWIFT_ACTIVE_COMPILATION_CONDITIONS = DEBUG;
				SWIFT_OPTIMIZATION_LEVEL = "-Onone";
			};
			name = Debug;
		};
		5F65CBE028CEDF560031C9B2 /* Release */ = {
			isa = XCBuildConfiguration;
			buildSettings = {
				ALWAYS_SEARCH_USER_PATHS = NO;
				CLANG_ANALYZER_NONNULL = YES;
				CLANG_ANALYZER_NUMBER_OBJECT_CONVERSION = YES_AGGRESSIVE;
				CLANG_CXX_LANGUAGE_STANDARD = "gnu++20";
				CLANG_ENABLE_MODULES = YES;
				CLANG_ENABLE_OBJC_ARC = YES;
				CLANG_ENABLE_OBJC_WEAK = YES;
				CLANG_WARN_BLOCK_CAPTURE_AUTORELEASING = YES;
				CLANG_WARN_BOOL_CONVERSION = YES;
				CLANG_WARN_COMMA = YES;
				CLANG_WARN_CONSTANT_CONVERSION = YES;
				CLANG_WARN_DEPRECATED_OBJC_IMPLEMENTATIONS = YES;
				CLANG_WARN_DIRECT_OBJC_ISA_USAGE = YES_ERROR;
				CLANG_WARN_DOCUMENTATION_COMMENTS = YES;
				CLANG_WARN_EMPTY_BODY = YES;
				CLANG_WARN_ENUM_CONVERSION = YES;
				CLANG_WARN_INFINITE_RECURSION = YES;
				CLANG_WARN_INT_CONVERSION = YES;
				CLANG_WARN_NON_LITERAL_NULL_CONVERSION = YES;
				CLANG_WARN_OBJC_IMPLICIT_RETAIN_SELF = YES;
				CLANG_WARN_OBJC_LITERAL_CONVERSION = YES;
				CLANG_WARN_OBJC_ROOT_CLASS = YES_ERROR;
				CLANG_WARN_QUOTED_INCLUDE_IN_FRAMEWORK_HEADER = YES;
				CLANG_WARN_RANGE_LOOP_ANALYSIS = YES;
				CLANG_WARN_STRICT_PROTOTYPES = YES;
				CLANG_WARN_SUSPICIOUS_MOVE = YES;
				CLANG_WARN_UNGUARDED_AVAILABILITY = YES_AGGRESSIVE;
				CLANG_WARN_UNREACHABLE_CODE = YES;
				CLANG_WARN__DUPLICATE_METHOD_MATCH = YES;
				COPY_PHASE_STRIP = NO;
				DEBUG_INFORMATION_FORMAT = "dwarf-with-dsym";
				ENABLE_NS_ASSERTIONS = NO;
				ENABLE_STRICT_OBJC_MSGSEND = YES;
				GCC_C_LANGUAGE_STANDARD = gnu11;
				GCC_NO_COMMON_BLOCKS = YES;
				GCC_WARN_64_TO_32_BIT_CONVERSION = YES;
				GCC_WARN_ABOUT_RETURN_TYPE = YES_ERROR;
				GCC_WARN_UNDECLARED_SELECTOR = YES;
				GCC_WARN_UNINITIALIZED_AUTOS = YES_AGGRESSIVE;
				GCC_WARN_UNUSED_FUNCTION = YES;
				GCC_WARN_UNUSED_VARIABLE = YES;
				IPHONEOS_DEPLOYMENT_TARGET = 16.0;
				MTL_ENABLE_DEBUG_INFO = NO;
				MTL_FAST_MATH = YES;
				SDKROOT = iphoneos;
				SWIFT_COMPILATION_MODE = wholemodule;
				SWIFT_OPTIMIZATION_LEVEL = "-O";
				VALIDATE_PRODUCT = YES;
			};
			name = Release;
		};
		5F65CBE228CEDF560031C9B2 /* Debug */ = {
			isa = XCBuildConfiguration;
			buildSettings = {
				ASSETCATALOG_COMPILER_APPICON_NAME = AppIcon;
				ASSETCATALOG_COMPILER_GLOBAL_ACCENT_COLOR_NAME = AccentColor;
				CODE_SIGN_STYLE = Automatic;
				CURRENT_PROJECT_VERSION = 1;
				DEVELOPMENT_TEAM = 5YD92533YW;
				GENERATE_INFOPLIST_FILE = YES;
				INFOPLIST_FILE = wanted_pre_onboarding/Info.plist;
				INFOPLIST_KEY_UIApplicationSupportsIndirectInputEvents = YES;
				INFOPLIST_KEY_UILaunchStoryboardName = LaunchScreen;
				INFOPLIST_KEY_UIMainStoryboardFile = Main;
				INFOPLIST_KEY_UISupportedInterfaceOrientations_iPad = "UIInterfaceOrientationPortrait UIInterfaceOrientationPortraitUpsideDown UIInterfaceOrientationLandscapeLeft UIInterfaceOrientationLandscapeRight";
				INFOPLIST_KEY_UISupportedInterfaceOrientations_iPhone = "UIInterfaceOrientationPortrait UIInterfaceOrientationLandscapeLeft UIInterfaceOrientationLandscapeRight";
				LD_RUNPATH_SEARCH_PATHS = (
					"$(inherited)",
					"@executable_path/Frameworks",
				);
				MARKETING_VERSION = 1.0;
				PRODUCT_BUNDLE_IDENTIFIER = "wanted-pre-onboarding.wanted-pre-onboarding";
				PRODUCT_NAME = "$(TARGET_NAME)";
				SWIFT_EMIT_LOC_STRINGS = YES;
				SWIFT_VERSION = 5.0;
				TARGETED_DEVICE_FAMILY = "1,2";
			};
			name = Debug;
		};
		5F65CBE328CEDF560031C9B2 /* Release */ = {
			isa = XCBuildConfiguration;
			buildSettings = {
				ASSETCATALOG_COMPILER_APPICON_NAME = AppIcon;
				ASSETCATALOG_COMPILER_GLOBAL_ACCENT_COLOR_NAME = AccentColor;
				CODE_SIGN_STYLE = Automatic;
				CURRENT_PROJECT_VERSION = 1;
				DEVELOPMENT_TEAM = 5YD92533YW;
				GENERATE_INFOPLIST_FILE = YES;
				INFOPLIST_FILE = wanted_pre_onboarding/Info.plist;
				INFOPLIST_KEY_UIApplicationSupportsIndirectInputEvents = YES;
				INFOPLIST_KEY_UILaunchStoryboardName = LaunchScreen;
				INFOPLIST_KEY_UIMainStoryboardFile = Main;
				INFOPLIST_KEY_UISupportedInterfaceOrientations_iPad = "UIInterfaceOrientationPortrait UIInterfaceOrientationPortraitUpsideDown UIInterfaceOrientationLandscapeLeft UIInterfaceOrientationLandscapeRight";
				INFOPLIST_KEY_UISupportedInterfaceOrientations_iPhone = "UIInterfaceOrientationPortrait UIInterfaceOrientationLandscapeLeft UIInterfaceOrientationLandscapeRight";
				LD_RUNPATH_SEARCH_PATHS = (
					"$(inherited)",
					"@executable_path/Frameworks",
				);
				MARKETING_VERSION = 1.0;
				PRODUCT_BUNDLE_IDENTIFIER = "wanted-pre-onboarding.wanted-pre-onboarding";
				PRODUCT_NAME = "$(TARGET_NAME)";
				SWIFT_EMIT_LOC_STRINGS = YES;
				SWIFT_VERSION = 5.0;
				TARGETED_DEVICE_FAMILY = "1,2";
			};
			name = Release;
		};
/* End XCBuildConfiguration section */

/* Begin XCConfigurationList section */
		5F65CBC828CEDF550031C9B2 /* Build configuration list for PBXProject "wanted_pre_onboarding" */ = {
			isa = XCConfigurationList;
			buildConfigurations = (
				5F65CBDF28CEDF560031C9B2 /* Debug */,
				5F65CBE028CEDF560031C9B2 /* Release */,
			);
			defaultConfigurationIsVisible = 0;
			defaultConfigurationName = Release;
		};
		5F65CBE128CEDF560031C9B2 /* Build configuration list for PBXNativeTarget "wanted_pre_onboarding" */ = {
			isa = XCConfigurationList;
			buildConfigurations = (
				5F65CBE228CEDF560031C9B2 /* Debug */,
				5F65CBE328CEDF560031C9B2 /* Release */,
			);
			defaultConfigurationIsVisible = 0;
			defaultConfigurationName = Release;
		};
/* End XCConfigurationList section */
	};
	rootObject = 5F65CBC528CEDF550031C9B2 /* Project object */;
}
